
Microsoft Visual Studio Solution File, Format Version 12.00
# Visual Studio 14
VisualStudioVersion = 14.0.24720.0
MinimumVisualStudioVersion = 10.0.40219.1
Project("{9092AA53-FB77-4645-B42D-1CCCA6BD08BD}") = "UI-e2e-Tests", "UI-e2e-Tests\UI-e2e-Tests.njsproj", "{F58D54CD-2F44-4D5B-88F1-D2D3B86BEF8C}"
EndProject
Global
	GlobalSection(SolutionConfigurationPlatforms) = preSolution
		Debug|Any CPU = Debug|Any CPU
		Release|Any CPU = Release|Any CPU
	EndGlobalSection
	GlobalSection(ProjectConfigurationPlatforms) = postSolution
		{F58D54CD-2F44-4D5B-88F1-D2D3B86BEF8C}.Debug|Any CPU.ActiveCfg = Debug|Any CPU
		{F58D54CD-2F44-4D5B-88F1-D2D3B86BEF8C}.Debug|Any CPU.Build.0 = Debug|Any CPU
		{F58D54CD-2F44-4D5B-88F1-D2D3B86BEF8C}.Release|Any CPU.ActiveCfg = Release|Any CPU
		{F58D54CD-2F44-4D5B-88F1-D2D3B86BEF8C}.Release|Any CPU.Build.0 = Release|Any CPU
	EndGlobalSection
	GlobalSection(SolutionProperties) = preSolution
		HideSolutionNode = FALSE
	EndGlobalSection
EndGlobal
