{
  "name": "nova",
  "version": "2.0.1-0",
  "dependencies": {
    "ag-grid": {
      "version": "7.1.0",
      "from": "ag-grid@>=7.1.0 <7.2.0",
      "resolved": "https://registry.npmjs.org/ag-grid/-/ag-grid-7.1.0.tgz"
    },
    "ag-grid-enterprise": {
      "version": "7.1.0",
      "from": "ag-grid-enterprise@>=7.1.0 <7.2.0",
      "resolved": "https://registry.npmjs.org/ag-grid-enterprise/-/ag-grid-enterprise-7.1.0.tgz"
    },
    "angular": {
      "version": "1.5.11",
      "from": "angular@>=1.5.10 <1.6.0",
      "resolved": "https://registry.npmjs.org/angular/-/angular-1.5.11.tgz"
    },
    "angular-animate": {
      "version": "1.5.11",
      "from": "angular-animate@>=1.5.10 <1.6.0",
      "resolved": "https://registry.npmjs.org/angular-animate/-/angular-animate-1.5.11.tgz"
    },
    "angular-formly": {
      "version": "8.4.0",
      "from": "angular-formly@>=8.2.1 <9.0.0",
      "resolved": "https://registry.npmjs.org/angular-formly/-/angular-formly-8.4.0.tgz"
    },
    "angular-formly-templates-bootstrap": {
      "version": "6.4.0",
      "from": "angular-formly-templates-bootstrap@>=6.4.0 <7.0.0",
      "resolved": "https://registry.npmjs.org/angular-formly-templates-bootstrap/-/angular-formly-templates-bootstrap-6.4.0.tgz"
    },
    "angular-messages": {
      "version": "1.5.11",
      "from": "angular-messages@>=1.5.10 <1.6.0",
      "resolved": "https://registry.npmjs.org/angular-messages/-/angular-messages-1.5.11.tgz"
    },
    "angular-mocks": {
      "version": "1.5.11",
      "from": "angular-mocks@>=1.5.10 <1.6.0",
      "resolved": "https://registry.npmjs.org/angular-mocks/-/angular-mocks-1.5.11.tgz"
    },
    "angular-module-mocks": {
      "version": "1.2.19",
      "from": "angular-module-mocks@>=1.2.19 <1.3.0",
      "resolved": "https://registry.npmjs.org/angular-module-mocks/-/angular-module-mocks-1.2.19.tgz"
    },
    "angular-sanitize": {
      "version": "1.5.11",
      "from": "angular-sanitize@>=1.5.10 <1.6.0",
      "resolved": "https://registry.npmjs.org/angular-sanitize/-/angular-sanitize-1.5.11.tgz"
    },
    "angular-ui-bootstrap": {
      "version": "2.3.0",
      "from": "angular-ui-bootstrap@2.3.0",
      "resolved": "https://registry.npmjs.org/angular-ui-bootstrap/-/angular-ui-bootstrap-2.3.0.tgz"
    },
    "angular-ui-router": {
      "version": "0.2.18",
      "from": "angular-ui-router@>=0.2.17 <0.3.0",
      "resolved": "https://registry.npmjs.org/angular-ui-router/-/angular-ui-router-0.2.18.tgz"
    },
    "angular-ui-tinymce": {
      "version": "0.0.17",
      "from": "angular-ui-tinymce@>=0.0.17 <0.0.18",
      "resolved": "https://registry.npmjs.org/angular-ui-tinymce/-/angular-ui-tinymce-0.0.17.tgz"
    },
    "angular-vs-repeat": {
      "version": "1.1.7",
      "from": "angular-vs-repeat@>=1.1.7 <2.0.0",
      "resolved": "https://registry.npmjs.org/angular-vs-repeat/-/angular-vs-repeat-1.1.7.tgz"
    },
    "api-check": {
      "version": "7.5.5",
      "from": "api-check@>=7.5.5 <8.0.0",
      "resolved": "https://registry.npmjs.org/api-check/-/api-check-7.5.5.tgz"
    },
    "async": {
      "version": "1.5.2",
      "from": "async@>=1.4.0 <2.0.0",
      "resolved": "https://registry.npmjs.org/async/-/async-1.5.2.tgz"
    },
    "bootstrap": {
      "version": "3.3.7",
      "from": "bootstrap@>=3.3.7 <4.0.0",
      "resolved": "https://registry.npmjs.org/bootstrap/-/bootstrap-3.3.7.tgz"
    },
    "bootstrap-sass": {
      "version": "3.3.7",
      "from": "bootstrap-sass@>=3.3.7 <4.0.0",
      "resolved": "https://registry.npmjs.org/bootstrap-sass/-/bootstrap-sass-3.3.7.tgz"
    },
    "bowser": {
      "version": "1.6.0",
      "from": "bowser@>=1.5.0 <2.0.0",
      "resolved": "https://registry.npmjs.org/bowser/-/bowser-1.6.0.tgz"
    },
    "browserify-versionify": {
      "version": "1.0.3",
      "from": "browserify-versionify@1.0.3",
      "resolved": "https://registry.npmjs.org/browserify-versionify/-/browserify-versionify-1.0.3.tgz"
    },
    "combined-stream": {
      "version": "1.0.5",
      "from": "combined-stream@>=1.0.5 <2.0.0",
      "resolved": "https://registry.npmjs.org/combined-stream/-/combined-stream-1.0.5.tgz"
    },
    "component-emitter": {
      "version": "1.2.1",
      "from": "component-emitter@>=1.1.3 <2.0.0",
      "resolved": "https://registry.npmjs.org/component-emitter/-/component-emitter-1.2.1.tgz"
    },
    "cookiejar": {
      "version": "2.0.6",
      "from": "cookiejar@2.0.6",
      "resolved": "https://registry.npmjs.org/cookiejar/-/cookiejar-2.0.6.tgz"
    },
    "core-util-is": {
      "version": "1.0.2",
      "from": "core-util-is@>=1.0.0 <1.1.0",
      "resolved": "https://registry.npmjs.org/core-util-is/-/core-util-is-1.0.2.tgz"
    },
    "custom-event-polyfill": {
      "version": "0.3.0",
      "from": "custom-event-polyfill@>=0.3.0 <0.4.0",
      "resolved": "https://registry.npmjs.org/custom-event-polyfill/-/custom-event-polyfill-0.3.0.tgz"
    },
    "debug": {
      "version": "2.6.0",
      "from": "debug@>=2.0.0 <3.0.0",
      "resolved": "https://registry.npmjs.org/debug/-/debug-2.6.0.tgz"
    },
    "delayed-stream": {
      "version": "1.0.0",
      "from": "delayed-stream@>=1.0.0 <1.1.0",
      "resolved": "https://registry.npmjs.org/delayed-stream/-/delayed-stream-1.0.0.tgz"
    },
    "domready": {
      "version": "0.3.0",
      "from": "domready@0.3.0",
      "resolved": "https://registry.npmjs.org/domready/-/domready-0.3.0.tgz"
    },
    "es6-shim": {
      "version": "0.35.2",
      "from": "es6-shim@>=0.35.1 <0.36.0",
      "resolved": "https://registry.npmjs.org/es6-shim/-/es6-shim-0.35.2.tgz"
    },
    "extend": {
      "version": "3.0.0",
      "from": "extend@3.0.0",
      "resolved": "https://registry.npmjs.org/extend/-/extend-3.0.0.tgz"
    },
    "find-root": {
      "version": "0.1.2",
      "from": "find-root@>=0.1.1 <0.2.0",
      "resolved": "https://registry.npmjs.org/find-root/-/find-root-0.1.2.tgz"
    },
    "form-data": {
      "version": "1.0.0-rc3",
      "from": "form-data@1.0.0-rc3",
      "resolved": "https://registry.npmjs.org/form-data/-/form-data-1.0.0-rc3.tgz"
    },
    "formidable": {
      "version": "1.0.17",
      "from": "formidable@>=1.0.14 <1.1.0",
      "resolved": "https://registry.npmjs.org/formidable/-/formidable-1.0.17.tgz"
    },
    "inherits": {
      "version": "2.0.3",
      "from": "inherits@>=2.0.1 <2.1.0",
      "resolved": "https://registry.npmjs.org/inherits/-/inherits-2.0.3.tgz"
    },
    "isarray": {
      "version": "0.0.1",
      "from": "isarray@0.0.1",
      "resolved": "https://registry.npmjs.org/isarray/-/isarray-0.0.1.tgz"
    },
    "jquery": {
      "version": "3.1.1",
      "from": "jquery@>=3.1.0 <4.0.0",
      "resolved": "https://registry.npmjs.org/jquery/-/jquery-3.1.1.tgz"
    },
    "JSON2": {
      "version": "0.1.0",
      "from": "JSON2@>=0.1.0 <0.2.0",
      "resolved": "https://registry.npmjs.org/JSON2/-/JSON2-0.1.0.tgz"
    },
    "json3": {
      "version": "3.3.2",
      "from": "json3@>=3.3.2 <4.0.0",
      "resolved": "https://registry.npmjs.org/json3/-/json3-3.3.2.tgz"
    },
    "keen-js": {
      "version": "3.4.1",
      "from": "keen-js@>=3.4.1 <4.0.0",
      "resolved": "https://registry.npmjs.org/keen-js/-/keen-js-3.4.1.tgz"
    },
    "lodash": {
      "version": "4.17.4",
      "from": "lodash@>=4.16.4 <5.0.0",
      "resolved": "https://registry.npmjs.org/lodash/-/lodash-4.17.4.tgz"
    },
    "methods": {
      "version": "1.1.2",
      "from": "methods@>=1.1.1 <1.2.0",
      "resolved": "https://registry.npmjs.org/methods/-/methods-1.1.2.tgz"
    },
    "mime": {
      "version": "1.3.4",
      "from": "mime@1.3.4",
      "resolved": "https://registry.npmjs.org/mime/-/mime-1.3.4.tgz"
    },
    "mime-db": {
      "version": "1.26.0",
      "from": "mime-db@>=1.26.0 <1.27.0",
      "resolved": "https://registry.npmjs.org/mime-db/-/mime-db-1.26.0.tgz"
    },
    "mime-types": {
      "version": "2.1.14",
      "from": "mime-types@>=2.1.3 <3.0.0",
      "resolved": "https://registry.npmjs.org/mime-types/-/mime-types-2.1.14.tgz"
    },
    "moment": {
      "version": "2.17.1",
      "from": "moment@>=2.15.0 <3.0.0",
      "resolved": "https://registry.npmjs.org/moment/-/moment-2.17.1.tgz"
    },
    "ms": {
      "version": "0.7.2",
      "from": "ms@0.7.2",
      "resolved": "https://registry.npmjs.org/ms/-/ms-0.7.2.tgz"
    },
    "qs": {
      "version": "2.3.3",
      "from": "qs@2.3.3",
      "resolved": "https://registry.npmjs.org/qs/-/qs-2.3.3.tgz"
    },
    "readable-stream": {
      "version": "1.0.34",
      "from": "readable-stream@>=1.0.33-1 <1.1.0-0",
      "resolved": "https://registry.npmjs.org/readable-stream/-/readable-stream-1.0.34.tgz"
    },
    "reduce-component": {
      "version": "1.0.1",
      "from": "reduce-component@1.0.1",
      "resolved": "https://registry.npmjs.org/reduce-component/-/reduce-component-1.0.1.tgz"
    },
    "rx": {
      "version": "4.1.0",
      "from": "rx@>=4.1.0 <5.0.0",
      "resolved": "https://registry.npmjs.org/rx/-/rx-4.1.0.tgz"
    },
    "spin.js": {
      "version": "2.3.2",
      "from": "spin.js@>=2.0.1 <3.0.0",
      "resolved": "https://registry.npmjs.org/spin.js/-/spin.js-2.3.2.tgz"
    },
    "string_decoder": {
      "version": "0.10.31",
      "from": "string_decoder@>=0.10.0 <0.11.0",
      "resolved": "https://registry.npmjs.org/string_decoder/-/string_decoder-0.10.31.tgz"
    },
    "superagent": {
      "version": "1.8.5",
      "from": "superagent@>=1.8.3 <2.0.0",
      "resolved": "https://registry.npmjs.org/superagent/-/superagent-1.8.5.tgz",
      "dependencies": {
        "readable-stream": {
          "version": "1.0.27-1",
          "from": "readable-stream@1.0.27-1",
          "resolved": "https://registry.npmjs.org/readable-stream/-/readable-stream-1.0.27-1.tgz"
        }
      }
    },
    "through2": {
      "version": "0.6.3",
      "from": "through2@0.6.3",
      "resolved": "https://registry.npmjs.org/through2/-/through2-0.6.3.tgz"
    },
    "tinymce": {
      "version": "4.5.1",
      "from": "tinymce@4.5.1",
      "resolved": "https://registry.npmjs.org/tinymce/-/tinymce-4.5.1.tgz"
    },
    "ui-select": {
      "version": "0.19.4",
      "from": "ui-select@0.19.4",
      "resolved": "https://registry.npmjs.org/ui-select/-/ui-select-0.19.4.tgz"
    },
    "xtend": {
      "version": "4.0.1",
      "from": "xtend@>=4.0.0 <4.1.0-0",
      "resolved": "https://registry.npmjs.org/xtend/-/xtend-4.0.1.tgz"
    }
  }
}
