
Microsoft Visual Studio Solution File, Format Version 12.00
# Visual Studio 14
VisualStudioVersion = 14.0.25420.1
MinimumVisualStudioVersion = 10.0.40219.1
Project("{FAE04EC0-301F-11D3-BF4B-00C04F79EFBC}") = "ImageRenderService", "ImageRenderService\ImageRenderService.csproj", "{D749C205-6478-4F29-AE62-425CF3525532}"
EndProject
Project("{FAE04EC0-301F-11D3-BF4B-00C04F79EFBC}") = "ImageRenderService.Tests", "ImageRenderService.Tests\ImageRenderService.Tests.csproj", "{4E038D5E-8E8F-4158-A3ED-D06531BE135E}"
EndProject
Project("{FAE04EC0-301F-11D3-BF4B-00C04F79EFBC}") = "BluePrintSys.Messaging.Models", "BluePrintSys.Messaging.Models\BluePrintSys.Messaging.Models.csproj", "{C6352FB5-BFA5-4D67-86F8-69C8B5F95495}"
EndProject
Global
	GlobalSection(SolutionConfigurationPlatforms) = preSolution
		Debug|Any CPU = Debug|Any CPU
		Debug|x64 = Debug|x64
		Debug|x86 = Debug|x86
		Release|Any CPU = Release|Any CPU
		Release|x64 = Release|x64
		Release|x86 = Release|x86
	EndGlobalSection
	GlobalSection(ProjectConfigurationPlatforms) = postSolution
		{D749C205-6478-4F29-AE62-425CF3525532}.Debug|Any CPU.ActiveCfg = Debug|Any CPU
		{D749C205-6478-4F29-AE62-425CF3525532}.Debug|Any CPU.Build.0 = Debug|Any CPU
		{D749C205-6478-4F29-AE62-425CF3525532}.Debug|x64.ActiveCfg = Debug|x64
		{D749C205-6478-4F29-AE62-425CF3525532}.Debug|x64.Build.0 = Debug|x64
		{D749C205-6478-4F29-AE62-425CF3525532}.Debug|x86.ActiveCfg = Debug|x86
		{D749C205-6478-4F29-AE62-425CF3525532}.Debug|x86.Build.0 = Debug|x86
		{D749C205-6478-4F29-AE62-425CF3525532}.Release|Any CPU.ActiveCfg = Release|Any CPU
		{D749C205-6478-4F29-AE62-425CF3525532}.Release|Any CPU.Build.0 = Release|Any CPU
		{D749C205-6478-4F29-AE62-425CF3525532}.Release|x64.ActiveCfg = Release|x64
		{D749C205-6478-4F29-AE62-425CF3525532}.Release|x64.Build.0 = Release|x64
		{D749C205-6478-4F29-AE62-425CF3525532}.Release|x86.ActiveCfg = Release|x86
		{D749C205-6478-4F29-AE62-425CF3525532}.Release|x86.Build.0 = Release|x86
		{4E038D5E-8E8F-4158-A3ED-D06531BE135E}.Debug|Any CPU.ActiveCfg = Debug|Any CPU
		{4E038D5E-8E8F-4158-A3ED-D06531BE135E}.Debug|Any CPU.Build.0 = Debug|Any CPU
		{4E038D5E-8E8F-4158-A3ED-D06531BE135E}.Debug|x64.ActiveCfg = Debug|x64
		{4E038D5E-8E8F-4158-A3ED-D06531BE135E}.Debug|x64.Build.0 = Debug|x64
		{4E038D5E-8E8F-4158-A3ED-D06531BE135E}.Debug|x86.ActiveCfg = Debug|Any CPU
		{4E038D5E-8E8F-4158-A3ED-D06531BE135E}.Debug|x86.Build.0 = Debug|Any CPU
		{4E038D5E-8E8F-4158-A3ED-D06531BE135E}.Release|Any CPU.ActiveCfg = Release|Any CPU
		{4E038D5E-8E8F-4158-A3ED-D06531BE135E}.Release|Any CPU.Build.0 = Release|Any CPU
		{4E038D5E-8E8F-4158-A3ED-D06531BE135E}.Release|x64.ActiveCfg = Release|x64
		{4E038D5E-8E8F-4158-A3ED-D06531BE135E}.Release|x64.Build.0 = Release|x64
		{4E038D5E-8E8F-4158-A3ED-D06531BE135E}.Release|x86.ActiveCfg = Release|Any CPU
		{4E038D5E-8E8F-4158-A3ED-D06531BE135E}.Release|x86.Build.0 = Release|Any CPU
		{C6352FB5-BFA5-4D67-86F8-69C8B5F95495}.Debug|Any CPU.ActiveCfg = Debug|Any CPU
		{C6352FB5-BFA5-4D67-86F8-69C8B5F95495}.Debug|Any CPU.Build.0 = Debug|Any CPU
		{C6352FB5-BFA5-4D67-86F8-69C8B5F95495}.Debug|x64.ActiveCfg = Debug|x64
		{C6352FB5-BFA5-4D67-86F8-69C8B5F95495}.Debug|x64.Build.0 = Debug|x64
		{C6352FB5-BFA5-4D67-86F8-69C8B5F95495}.Debug|x86.ActiveCfg = Debug|Any CPU
		{C6352FB5-BFA5-4D67-86F8-69C8B5F95495}.Debug|x86.Build.0 = Debug|Any CPU
		{C6352FB5-BFA5-4D67-86F8-69C8B5F95495}.Release|Any CPU.ActiveCfg = Release|Any CPU
		{C6352FB5-BFA5-4D67-86F8-69C8B5F95495}.Release|Any CPU.Build.0 = Release|Any CPU
		{C6352FB5-BFA5-4D67-86F8-69C8B5F95495}.Release|x64.ActiveCfg = Release|x64
		{C6352FB5-BFA5-4D67-86F8-69C8B5F95495}.Release|x64.Build.0 = Release|x64
		{C6352FB5-BFA5-4D67-86F8-69C8B5F95495}.Release|x86.ActiveCfg = Release|Any CPU
		{C6352FB5-BFA5-4D67-86F8-69C8B5F95495}.Release|x86.Build.0 = Release|Any CPU
	EndGlobalSection
	GlobalSection(SolutionProperties) = preSolution
		HideSolutionNode = FALSE
	EndGlobalSection
EndGlobal
