
Microsoft Visual Studio Solution File, Format Version 12.00
# Visual Studio 14
VisualStudioVersion = 14.0.25420.1
MinimumVisualStudioVersion = 10.0.40219.1
Project("{FAE04EC0-301F-11D3-BF4B-00C04F79EFBC}") = "Model", "Model\Model.csproj", "{52DB8811-A018-4CEC-BA81-8DDA947CC007}"
EndProject
Project("{FAE04EC0-301F-11D3-BF4B-00C04F79EFBC}") = "Common", "Common\Common.csproj", "{C7CDF470-B661-414D-B6C8-6C0E7E341D9A}"
EndProject
Project("{FAE04EC0-301F-11D3-BF4B-00C04F79EFBC}") = "Helper", "Helper\Helper.csproj", "{23C53DC5-1245-4877-9487-A05A46914FE3}"
EndProject
Project("{FAE04EC0-301F-11D3-BF4B-00C04F79EFBC}") = "TestConfig", "TestConfiguration\TestConfig.csproj", "{28AB2F4A-233B-4B44-914F-C0F0FA5A30B8}"
EndProject
Project("{2150E333-8FDC-42A3-9474-1A3956D46DE8}") = "Tests", "Tests", "{F8CA78A5-5285-41FD-9AA1-9F003F88B5FE}"
EndProject
Project("{FAE04EC0-301F-11D3-BF4B-00C04F79EFBC}") = "AccessControlTests", "Tests\AccessControlTests\AccessControlTests.csproj", "{0D9767DA-3BC1-456F-845F-2F9C4EA05D0F}"
EndProject
Project("{FAE04EC0-301F-11D3-BF4B-00C04F79EFBC}") = "OpenAPITests", "Tests\OpenAPITests\OpenAPITests.csproj", "{5DC33CAC-36CF-477F-BCFA-8B2ECD5B623F}"
EndProject
Project("{FAE04EC0-301F-11D3-BF4B-00C04F79EFBC}") = "FileStoreTests", "Tests\FileStoreTests\FileStoreTests.csproj", "{C8E3F911-C256-4F27-828E-12337321C847}"
EndProject
Project("{FAE04EC0-301F-11D3-BF4B-00C04F79EFBC}") = "CustomAttributes", "CustomAttributes\CustomAttributes.csproj", "{BD40AAA8-1CA8-43E9-867D-AADE6ACC8ED7}"
EndProject
Project("{FAE04EC0-301F-11D3-BF4B-00C04F79EFBC}") = "Utilities", "Utilities\Utilities.csproj", "{D52D51B2-AEC5-4118-A9C2-2A590BD083A3}"
EndProject
Project("{FAE04EC0-301F-11D3-BF4B-00C04F79EFBC}") = "AdminStoreTests", "Tests\AdminStoreTests\AdminStoreTests.csproj", "{79F22051-5145-49E2-80B7-FFF7F80EF02D}"
EndProject
Project("{2150E333-8FDC-42A3-9474-1A3956D46DE8}") = "Solution Items", "Solution Items", "{914E1E01-37A9-4BAC-9C35-6167A8A69FE2}"
	ProjectSection(SolutionItems) = preProject
		..\AlmostAllRules.ruleset = ..\AlmostAllRules.ruleset
		..\Blueprint-Tests.Common.props = ..\Blueprint-Tests.Common.props
		..\..\NuGet.config = ..\..\NuGet.config
	EndProjectSection
EndProject
Project("{FAE04EC0-301F-11D3-BF4B-00C04F79EFBC}") = "StorytellerTests", "Tests\StorytellerTests\StorytellerTests.csproj", "{3908E3C3-D62D-4334-B5B1-5BB801AAC567}"
EndProject
Project("{FAE04EC0-301F-11D3-BF4B-00C04F79EFBC}") = "ConfigControlTests", "Tests\ConfigControlTests\ConfigControlTests.csproj", "{D3A80880-2412-454F-B6BF-0772D72EB860}"
EndProject
Project("{FAE04EC0-301F-11D3-BF4B-00C04F79EFBC}") = "CommonServiceTests", "Tests\CommonServiceTests\CommonServiceTests.csproj", "{8000FE71-383D-4A06-B644-40820024DF55}"
EndProject
Project("{2150E333-8FDC-42A3-9474-1A3956D46DE8}") = "UtilityTests", "UtilityTests", "{52E74EF8-AAAC-48C1-BA15-558B98FB8476}"
EndProject
Project("{FAE04EC0-301F-11D3-BF4B-00C04F79EFBC}") = "AccessControlDoubleTests", "UtilityTests\AccessControlDoubleTests\AccessControlDoubleTests.csproj", "{0D55D8E0-BF1F-4FEE-836C-8B7B330253CE}"
EndProject
Project("{FAE04EC0-301F-11D3-BF4B-00C04F79EFBC}") = "ArtifactStoreTests", "Tests\ArtifactStoreTests\ArtifactStoreTests.csproj", "{0C8BEEA3-5FCF-48C7-A42B-E4B92F623AA9}"
EndProject
Project("{FAE04EC0-301F-11D3-BF4B-00C04F79EFBC}") = "TestCommon", "Tests\TestCommon\TestCommon.csproj", "{8A66038C-22FC-4C28-BA0D-714614A50418}"
EndProject
Project("{FAE04EC0-301F-11D3-BF4B-00C04F79EFBC}") = "SearchServiceTests", "Tests\SearchServiceTests\SearchServiceTests.csproj", "{0FD31353-E508-44D7-A32D-3E990B6D98E3}"
EndProject
Global
	GlobalSection(SolutionConfigurationPlatforms) = preSolution
		Debug|Any CPU = Debug|Any CPU
		Release|Any CPU = Release|Any CPU
	EndGlobalSection
	GlobalSection(ProjectConfigurationPlatforms) = postSolution
		{52DB8811-A018-4CEC-BA81-8DDA947CC007}.Debug|Any CPU.ActiveCfg = Debug|Any CPU
		{52DB8811-A018-4CEC-BA81-8DDA947CC007}.Debug|Any CPU.Build.0 = Debug|Any CPU
		{52DB8811-A018-4CEC-BA81-8DDA947CC007}.Release|Any CPU.ActiveCfg = Release|Any CPU
		{52DB8811-A018-4CEC-BA81-8DDA947CC007}.Release|Any CPU.Build.0 = Release|Any CPU
		{C7CDF470-B661-414D-B6C8-6C0E7E341D9A}.Debug|Any CPU.ActiveCfg = Debug|Any CPU
		{C7CDF470-B661-414D-B6C8-6C0E7E341D9A}.Debug|Any CPU.Build.0 = Debug|Any CPU
		{C7CDF470-B661-414D-B6C8-6C0E7E341D9A}.Release|Any CPU.ActiveCfg = Release|Any CPU
		{C7CDF470-B661-414D-B6C8-6C0E7E341D9A}.Release|Any CPU.Build.0 = Release|Any CPU
		{23C53DC5-1245-4877-9487-A05A46914FE3}.Debug|Any CPU.ActiveCfg = Debug|Any CPU
		{23C53DC5-1245-4877-9487-A05A46914FE3}.Debug|Any CPU.Build.0 = Debug|Any CPU
		{23C53DC5-1245-4877-9487-A05A46914FE3}.Release|Any CPU.ActiveCfg = Release|Any CPU
		{23C53DC5-1245-4877-9487-A05A46914FE3}.Release|Any CPU.Build.0 = Release|Any CPU
		{28AB2F4A-233B-4B44-914F-C0F0FA5A30B8}.Debug|Any CPU.ActiveCfg = Debug|Any CPU
		{28AB2F4A-233B-4B44-914F-C0F0FA5A30B8}.Debug|Any CPU.Build.0 = Debug|Any CPU
		{28AB2F4A-233B-4B44-914F-C0F0FA5A30B8}.Release|Any CPU.ActiveCfg = Release|Any CPU
		{28AB2F4A-233B-4B44-914F-C0F0FA5A30B8}.Release|Any CPU.Build.0 = Release|Any CPU
		{0D9767DA-3BC1-456F-845F-2F9C4EA05D0F}.Debug|Any CPU.ActiveCfg = Debug|Any CPU
		{0D9767DA-3BC1-456F-845F-2F9C4EA05D0F}.Debug|Any CPU.Build.0 = Debug|Any CPU
		{0D9767DA-3BC1-456F-845F-2F9C4EA05D0F}.Release|Any CPU.ActiveCfg = Release|Any CPU
		{0D9767DA-3BC1-456F-845F-2F9C4EA05D0F}.Release|Any CPU.Build.0 = Release|Any CPU
		{5DC33CAC-36CF-477F-BCFA-8B2ECD5B623F}.Debug|Any CPU.ActiveCfg = Debug|Any CPU
		{5DC33CAC-36CF-477F-BCFA-8B2ECD5B623F}.Debug|Any CPU.Build.0 = Debug|Any CPU
		{5DC33CAC-36CF-477F-BCFA-8B2ECD5B623F}.Release|Any CPU.ActiveCfg = Release|Any CPU
		{5DC33CAC-36CF-477F-BCFA-8B2ECD5B623F}.Release|Any CPU.Build.0 = Release|Any CPU
		{C8E3F911-C256-4F27-828E-12337321C847}.Debug|Any CPU.ActiveCfg = Debug|Any CPU
		{C8E3F911-C256-4F27-828E-12337321C847}.Debug|Any CPU.Build.0 = Debug|Any CPU
		{C8E3F911-C256-4F27-828E-12337321C847}.Release|Any CPU.ActiveCfg = Release|Any CPU
		{C8E3F911-C256-4F27-828E-12337321C847}.Release|Any CPU.Build.0 = Release|Any CPU
		{BD40AAA8-1CA8-43E9-867D-AADE6ACC8ED7}.Debug|Any CPU.ActiveCfg = Debug|Any CPU
		{BD40AAA8-1CA8-43E9-867D-AADE6ACC8ED7}.Debug|Any CPU.Build.0 = Debug|Any CPU
		{BD40AAA8-1CA8-43E9-867D-AADE6ACC8ED7}.Release|Any CPU.ActiveCfg = Release|Any CPU
		{BD40AAA8-1CA8-43E9-867D-AADE6ACC8ED7}.Release|Any CPU.Build.0 = Release|Any CPU
		{D52D51B2-AEC5-4118-A9C2-2A590BD083A3}.Debug|Any CPU.ActiveCfg = Debug|Any CPU
		{D52D51B2-AEC5-4118-A9C2-2A590BD083A3}.Debug|Any CPU.Build.0 = Debug|Any CPU
		{D52D51B2-AEC5-4118-A9C2-2A590BD083A3}.Release|Any CPU.ActiveCfg = Release|Any CPU
		{D52D51B2-AEC5-4118-A9C2-2A590BD083A3}.Release|Any CPU.Build.0 = Release|Any CPU
		{79F22051-5145-49E2-80B7-FFF7F80EF02D}.Debug|Any CPU.ActiveCfg = Debug|Any CPU
		{79F22051-5145-49E2-80B7-FFF7F80EF02D}.Debug|Any CPU.Build.0 = Debug|Any CPU
		{79F22051-5145-49E2-80B7-FFF7F80EF02D}.Release|Any CPU.ActiveCfg = Release|Any CPU
		{79F22051-5145-49E2-80B7-FFF7F80EF02D}.Release|Any CPU.Build.0 = Release|Any CPU
		{3908E3C3-D62D-4334-B5B1-5BB801AAC567}.Debug|Any CPU.ActiveCfg = Debug|Any CPU
		{3908E3C3-D62D-4334-B5B1-5BB801AAC567}.Debug|Any CPU.Build.0 = Debug|Any CPU
		{3908E3C3-D62D-4334-B5B1-5BB801AAC567}.Release|Any CPU.ActiveCfg = Release|Any CPU
		{3908E3C3-D62D-4334-B5B1-5BB801AAC567}.Release|Any CPU.Build.0 = Release|Any CPU
		{D3A80880-2412-454F-B6BF-0772D72EB860}.Debug|Any CPU.ActiveCfg = Debug|Any CPU
		{D3A80880-2412-454F-B6BF-0772D72EB860}.Debug|Any CPU.Build.0 = Debug|Any CPU
		{D3A80880-2412-454F-B6BF-0772D72EB860}.Release|Any CPU.ActiveCfg = Release|Any CPU
		{D3A80880-2412-454F-B6BF-0772D72EB860}.Release|Any CPU.Build.0 = Release|Any CPU
		{8000FE71-383D-4A06-B644-40820024DF55}.Debug|Any CPU.ActiveCfg = Debug|Any CPU
		{8000FE71-383D-4A06-B644-40820024DF55}.Debug|Any CPU.Build.0 = Debug|Any CPU
		{8000FE71-383D-4A06-B644-40820024DF55}.Release|Any CPU.ActiveCfg = Release|Any CPU
		{8000FE71-383D-4A06-B644-40820024DF55}.Release|Any CPU.Build.0 = Release|Any CPU
		{0D55D8E0-BF1F-4FEE-836C-8B7B330253CE}.Debug|Any CPU.ActiveCfg = Debug|Any CPU
		{0D55D8E0-BF1F-4FEE-836C-8B7B330253CE}.Debug|Any CPU.Build.0 = Debug|Any CPU
		{0D55D8E0-BF1F-4FEE-836C-8B7B330253CE}.Release|Any CPU.ActiveCfg = Release|Any CPU
		{0D55D8E0-BF1F-4FEE-836C-8B7B330253CE}.Release|Any CPU.Build.0 = Release|Any CPU
		{0C8BEEA3-5FCF-48C7-A42B-E4B92F623AA9}.Debug|Any CPU.ActiveCfg = Debug|Any CPU
		{0C8BEEA3-5FCF-48C7-A42B-E4B92F623AA9}.Debug|Any CPU.Build.0 = Debug|Any CPU
		{0C8BEEA3-5FCF-48C7-A42B-E4B92F623AA9}.Release|Any CPU.ActiveCfg = Release|Any CPU
		{0C8BEEA3-5FCF-48C7-A42B-E4B92F623AA9}.Release|Any CPU.Build.0 = Release|Any CPU
		{8A66038C-22FC-4C28-BA0D-714614A50418}.Debug|Any CPU.ActiveCfg = Debug|Any CPU
		{8A66038C-22FC-4C28-BA0D-714614A50418}.Debug|Any CPU.Build.0 = Debug|Any CPU
		{8A66038C-22FC-4C28-BA0D-714614A50418}.Release|Any CPU.ActiveCfg = Release|Any CPU
		{8A66038C-22FC-4C28-BA0D-714614A50418}.Release|Any CPU.Build.0 = Release|Any CPU
		{0FD31353-E508-44D7-A32D-3E990B6D98E3}.Debug|Any CPU.ActiveCfg = Debug|Any CPU
		{0FD31353-E508-44D7-A32D-3E990B6D98E3}.Debug|Any CPU.Build.0 = Debug|Any CPU
		{0FD31353-E508-44D7-A32D-3E990B6D98E3}.Release|Any CPU.ActiveCfg = Release|Any CPU
		{0FD31353-E508-44D7-A32D-3E990B6D98E3}.Release|Any CPU.Build.0 = Release|Any CPU
	EndGlobalSection
	GlobalSection(SolutionProperties) = preSolution
		HideSolutionNode = FALSE
	EndGlobalSection
	GlobalSection(NestedProjects) = preSolution
		{0D9767DA-3BC1-456F-845F-2F9C4EA05D0F} = {F8CA78A5-5285-41FD-9AA1-9F003F88B5FE}
		{5DC33CAC-36CF-477F-BCFA-8B2ECD5B623F} = {F8CA78A5-5285-41FD-9AA1-9F003F88B5FE}
		{C8E3F911-C256-4F27-828E-12337321C847} = {F8CA78A5-5285-41FD-9AA1-9F003F88B5FE}
		{79F22051-5145-49E2-80B7-FFF7F80EF02D} = {F8CA78A5-5285-41FD-9AA1-9F003F88B5FE}
		{3908E3C3-D62D-4334-B5B1-5BB801AAC567} = {F8CA78A5-5285-41FD-9AA1-9F003F88B5FE}
		{D3A80880-2412-454F-B6BF-0772D72EB860} = {F8CA78A5-5285-41FD-9AA1-9F003F88B5FE}
		{8000FE71-383D-4A06-B644-40820024DF55} = {F8CA78A5-5285-41FD-9AA1-9F003F88B5FE}
		{0D55D8E0-BF1F-4FEE-836C-8B7B330253CE} = {52E74EF8-AAAC-48C1-BA15-558B98FB8476}
		{0C8BEEA3-5FCF-48C7-A42B-E4B92F623AA9} = {F8CA78A5-5285-41FD-9AA1-9F003F88B5FE}
		{8A66038C-22FC-4C28-BA0D-714614A50418} = {F8CA78A5-5285-41FD-9AA1-9F003F88B5FE}
		{0FD31353-E508-44D7-A32D-3E990B6D98E3} = {F8CA78A5-5285-41FD-9AA1-9F003F88B5FE}
	EndGlobalSection
EndGlobal
